
Microsoft Visual Studio Solution File, Format Version 12.00
# Visual Studio 14
VisualStudioVersion = 14.0.25420.1
MinimumVisualStudioVersion = 10.0.40219.1
Project("{FAE04EC0-301F-11D3-BF4B-00C04F79EFBC}") = "Test2", "Test2\Test2.csproj", "{3E626DCC-ADED-4B23-BA7C-2B5C009CD1A5}"
EndProject
Project("{FAE04EC0-301F-11D3-BF4B-00C04F79EFBC}") = "Authentication", "Authentication\Authentication.csproj", "{C115A8E4-6B54-4C27-B660-4CC445DBA3A9}"
EndProject
Project("{FAE04EC0-301F-11D3-BF4B-00C04F79EFBC}") = "DbAccess", "DbAccess\DbAccess.csproj", "{B4315C78-CBCB-4358-8F69-2DB8348BDC67}"
EndProject
Global
	GlobalSection(SolutionConfigurationPlatforms) = preSolution
		Debug|Any CPU = Debug|Any CPU
		Release|Any CPU = Release|Any CPU
	EndGlobalSection
	GlobalSection(ProjectConfigurationPlatforms) = postSolution
		{3E626DCC-ADED-4B23-BA7C-2B5C009CD1A5}.Debug|Any CPU.ActiveCfg = Debug|Any CPU
		{3E626DCC-ADED-4B23-BA7C-2B5C009CD1A5}.Debug|Any CPU.Build.0 = Debug|Any CPU
		{3E626DCC-ADED-4B23-BA7C-2B5C009CD1A5}.Release|Any CPU.ActiveCfg = Release|Any CPU
		{3E626DCC-ADED-4B23-BA7C-2B5C009CD1A5}.Release|Any CPU.Build.0 = Release|Any CPU
		{C115A8E4-6B54-4C27-B660-4CC445DBA3A9}.Debug|Any CPU.ActiveCfg = Debug|Any CPU
		{C115A8E4-6B54-4C27-B660-4CC445DBA3A9}.Debug|Any CPU.Build.0 = Debug|Any CPU
		{C115A8E4-6B54-4C27-B660-4CC445DBA3A9}.Release|Any CPU.ActiveCfg = Release|Any CPU
		{C115A8E4-6B54-4C27-B660-4CC445DBA3A9}.Release|Any CPU.Build.0 = Release|Any CPU
		{B4315C78-CBCB-4358-8F69-2DB8348BDC67}.Debug|Any CPU.ActiveCfg = Debug|Any CPU
		{B4315C78-CBCB-4358-8F69-2DB8348BDC67}.Debug|Any CPU.Build.0 = Debug|Any CPU
		{B4315C78-CBCB-4358-8F69-2DB8348BDC67}.Release|Any CPU.ActiveCfg = Release|Any CPU
		{B4315C78-CBCB-4358-8F69-2DB8348BDC67}.Release|Any CPU.Build.0 = Release|Any CPU
	EndGlobalSection
	GlobalSection(SolutionProperties) = preSolution
		HideSolutionNode = FALSE
	EndGlobalSection
EndGlobal
